<?xml version="1.0" encoding="UTF-8" standalone="yes" ?>
<CodeBlocks_project_file>
	<FileVersion major="1" minor="6" />
	<Project>
		<Option title="SDL_Engine" />
		<Option pch_mode="2" />
		<Option compiler="gcc" />
		<Build>
			<Target title="Debug">
				<Option output="bin/Debug/SDL_Template" prefix_auto="1" extension_auto="1" />
				<Option object_output="obj/Debug/" />
				<Option type="1" />
				<Option compiler="gcc" />
				<Compiler>
					<Add option="-g" />
					<Add directory="sdl/include" />
					<Add directory="include" />
				</Compiler>
				<Linker>
					<Add option="-lmingw32" />
					<Add option="-lopengl32" />
					<Add option="-lglu32" />
					<Add option="-lSDL2main" />
					<Add option="-lSDL2" />
					<Add option="-lSDL2_image" />
					<Add option="-lSDL2_ttf" />
					<Add option="-lwsock32" />
					<Add directory="sdl/lib" />
				</Linker>
			</Target>
			<Target title="Release">
				<Option output="bin/Release/SDL_Template" prefix_auto="1" extension_auto="1" />
				<Option object_output="obj/Release/" />
				<Option type="1" />
				<Option compiler="gcc" />
				<Compiler>
					<Add option="-O2" />
					<Add directory="include" />
				</Compiler>
				<Linker>
					<Add option="-s" />
				</Linker>
			</Target>
			<Target title="Linux">
				<Option output="bin/DebugLinux/SDL_Template" prefix_auto="1" extension_auto="1" />
				<Option object_output="obj/DebugLinux/" />
				<Option type="1" />
				<Option compiler="gcc" />
				<Compiler>
					<Add option="-g" />
					<Add directory="sdl/include" />
					<Add directory="include" />
				</Compiler>
				<Linker>
					<Add option="-lSDL2main" />
					<Add option="-lSDL2" />
					<Add option="-lSDL2_image" />
					<Add option="-lSDL2_ttf" />
					<Add directory="sdl/lib" />
				</Linker>
			</Target>
		</Build>
		<Compiler>
			<Add option="-Wall" />
			<Add option="-fexceptions" />
			<Add directory="C:/Users/David/Desktop/SDL2_image-2.0.3/i686-w64-mingw32/include/SDL2" />
		</Compiler>
		<Linker>
			<Add option="-lmingw32 -lSDL2main -lSDL2  -lSDL2_image  -lSDL2_ttf" />
			<Add directory="C:/Users/David/Desktop/SDL2_image-2.0.3/i686-w64-mingw32/lib" />
		</Linker>
		<Unit filename="Load_Img.h" />
		<Unit filename="include/RenderGL.h" />
		<Unit filename="include/SevenUp.h" />
		<Unit filename="include/Texto.h" />
		<Unit filename="include/VectorMath.h" />
		<Unit filename="include/deltaTime.h" />
		<Unit filename="include/httpR.h" />
		<Unit filename="include/primitivo.h" />
		<Unit filename="main.cpp" />
		<Unit filename="src/Imagen.cpp" />
		<Unit filename="src/RenderGL.cpp" />
		<Unit filename="src/SevenUp.cpp" />
		<Unit filename="src/Texto.cpp" />
		<Unit filename="src/deltaTime.cpp" />
		<Unit filename="src/httpR.cpp" />
		<Extensions>
			<code_completion />
			<envvars />
			<debugger />
			<lib_finder disable_auto="1" />
		</Extensions>
	</Project>
</CodeBlocks_project_file>
